hash: 2e9f0ff431187f8d46de0f3ed5c23ba8aaa95ccb7b961d2b4f5b754237bb8088
updated: 2016-07-04T11:16:58.857763117Z
imports:
- name: github.com/aryann/difflib
  version: 035af7c09b120b0909dd998c92745b82f61e0b1c
- name: github.com/mattn/go-sqlite3
  version: 38ee283dabf11c9cbdb968eebd79b1fa7acbabe6
- name: github.com/wayf-dk/gohybrid
  version: a972bf989b9abd5f86e6a5d73e964a2742dec022
- name: github.com/wayf-dk/gosaml
  version: b05e8e999bd8705a28f7b374527e9e96e1617f30
- name: github.com/wayf-dk/lMDQ
  version: a7212fd4b388ecc1e274d3a35ac2042fe3e24bd4
devImports: []
